// !$*UTF8*$!
{
	archiveVersion = 1;
	classes = {
	};
	objectVersion = 48;
	objects = {

/* Begin PBXBuildFile section */
		4F0E1A031F7EC2EA004B3C60 /* AppDelegate.swift in Sources */ = {isa = PBXBuildFile; fileRef = 4F0E1A021F7EC2EA004B3C60 /* AppDelegate.swift */; };
		4F0E1A051F7EC2EA004B3C60 /* ViewController.swift in Sources */ = {isa = PBXBuildFile; fileRef = 4F0E1A041F7EC2EA004B3C60 /* ViewController.swift */; };
		4F0E1A081F7EC2EA004B3C60 /* Main.storyboard in Resources */ = {isa = PBXBuildFile; fileRef = 4F0E1A061F7EC2EA004B3C60 /* Main.storyboard */; };
		4F0E1A0A1F7EC2EA004B3C60 /* Assets.xcassets in Resources */ = {isa = PBXBuildFile; fileRef = 4F0E1A091F7EC2EA004B3C60 /* Assets.xcassets */; };
		4F0E1A0D1F7EC2EA004B3C60 /* LaunchScreen.storyboard in Resources */ = {isa = PBXBuildFile; fileRef = 4F0E1A0B1F7EC2EA004B3C60 /* LaunchScreen.storyboard */; };
/* End PBXBuildFile section */

/* Begin PBXFileReference section */
		4F0E19FF1F7EC2EA004B3C60 /* MoRegex.app */ = {isa = PBXFileReference; explicitFileType = wrapper.application; includeInIndex = 0; path = MoRegex.app; sourceTree = BUILT_PRODUCTS_DIR; };
		4F0E1A021F7EC2EA004B3C60 /* AppDelegate.swift */ = {isa = PBXFileReference; lastKnownFileType = sourcecode.swift; path = AppDelegate.swift; sourceTree = "<group>"; };
		4F0E1A041F7EC2EA004B3C60 /* ViewController.swift */ = {isa = PBXFileReference; lastKnownFileType = sourcecode.swift; path = ViewController.swift; sourceTree = "<group>"; };
		4F0E1A071F7EC2EA004B3C60 /* Base */ = {isa = PBXFileReference; lastKnownFileType = file.storyboard; name = Base; path = Base.lproj/Main.storyboard; sourceTree = "<group>"; };
		4F0E1A091F7EC2EA004B3C60 /* Assets.xcassets */ = {isa = PBXFileReference; lastKnownFileType = folder.assetcatalog; path = Assets.xcassets; sourceTree = "<group>"; };
		4F0E1A0C1F7EC2EA004B3C60 /* Base */ = {isa = PBXFileReference; lastKnownFileType = file.storyboard; name = Base; path = Base.lproj/LaunchScreen.storyboard; sourceTree = "<group>"; };
		4F0E1A0E1F7EC2EA004B3C60 /* Info.plist */ = {isa = PBXFileReference; lastKnownFileType = text.plist.xml; path = Info.plist; sourceTree = "<group>"; };
/* End PBXFileReference section */

/* Begin PBXFrameworksBuildPhase section */
		4F0E19FC1F7EC2EA004B3C60 /* Frameworks */ = {
			isa = PBXFrameworksBuildPhase;
			buildActionMask = 2147483647;
			files = (
			);
			runOnlyForDeploymentPostprocessing = 0;
		};
/* End PBXFrameworksBuildPhase section */

/* Begin PBXGroup section */
		4F0E19F61F7EC2EA004B3C60 = {
			isa = PBXGroup;
			children = (
				4F0E1A011F7EC2EA004B3C60 /* MoRegex */,
				4F0E1A001F7EC2EA004B3C60 /* Products */,
			);
			sourceTree = "<group>";
		};
		4F0E1A001F7EC2EA004B3C60 /* Products */ = {
			isa = PBXGroup;
			children = (
				4F0E19FF1F7EC2EA004B3C60 /* MoRegex.app */,
			);
			name = Products;
			sourceTree = "<group>";
		};
		4F0E1A011F7EC2EA004B3C60 /* MoRegex */ = {
			isa = PBXGroup;
			children = (
				4F0E1A021F7EC2EA004B3C60 /* AppDelegate.swift */,
				4F0E1A041F7EC2EA004B3C60 /* ViewController.swift */,
				4F0E1A061F7EC2EA004B3C60 /* Main.storyboard */,
				4F0E1A091F7EC2EA004B3C60 /* Assets.xcassets */,
				4F0E1A0B1F7EC2EA004B3C60 /* LaunchScreen.storyboard */,
				4F0E1A0E1F7EC2EA004B3C60 /* Info.plist */,
			);
			path = MoRegex;
			sourceTree = "<group>";
		};
/* End PBXGroup section */

/* Begin PBXNativeTarget section */
		4F0E19FE1F7EC2EA004B3C60 /* MoRegex */ = {
			isa = PBXNativeTarget;
			buildConfigurationList = 4F0E1A111F7EC2EA004B3C60 /* Build configuration list for PBXNativeTarget "MoRegex" */;
			buildPhases = (
				4F0E19FB1F7EC2EA004B3C60 /* Sources */,
				4F0E19FC1F7EC2EA004B3C60 /* Frameworks */,
				4F0E19FD1F7EC2EA004B3C60 /* Resources */,
			);
			buildRules = (
			);
			dependencies = (
			);
			name = MoRegex;
			productName = MoRegex;
			productReference = 4F0E19FF1F7EC2EA004B3C60 /* MoRegex.app */;
			productType = "com.apple.product-type.application";
		};
/* End PBXNativeTarget section */

/* Begin PBXProject section */
		4F0E19F71F7EC2EA004B3C60 /* Project object */ = {
			isa = PBXProject;
			attributes = {
				LastSwiftUpdateCheck = 0900;
				LastUpgradeCheck = 0900;
				ORGANIZATIONNAME = "Hello Kitty";
				TargetAttributes = {
					4F0E19FE1F7EC2EA004B3C60 = {
						CreatedOnToolsVersion = 9.0;
						ProvisioningStyle = Automatic;
					};
				};
			};
			buildConfigurationList = 4F0E19FA1F7EC2EA004B3C60 /* Build configuration list for PBXProject "MoRegex" */;
			compatibilityVersion = "Xcode 8.0";
			developmentRegion = en;
			hasScannedForEncodings = 0;
			knownRegions = (
				en,
				Base,
			);
			mainGroup = 4F0E19F61F7EC2EA004B3C60;
			productRefGroup = 4F0E1A001F7EC2EA004B3C60 /* Products */;
			projectDirPath = "";
			projectRoot = "";
			targets = (
				4F0E19FE1F7EC2EA004B3C60 /* MoRegex */,
			);
		};
/* End PBXProject section */

/* Begin PBXResourcesBuildPhase section */
		4F0E19FD1F7EC2EA004B3C60 /* Resources */ = {
			isa = PBXResourcesBuildPhase;
			buildActionMask = 2147483647;
			files = (
				4F0E1A0D1F7EC2EA004B3C60 /* LaunchScreen.storyboard in Resources */,
				4F0E1A0A1F7EC2EA004B3C60 /* Assets.xcassets in Resources */,
				4F0E1A081F7EC2EA004B3C60 /* Main.storyboard in Resources */,
			);
			runOnlyForDeploymentPostprocessing = 0;
		};
/* End PBXResourcesBuildPhase section */

/* Begin PBXSourcesBuildPhase section */
		4F0E19FB1F7EC2EA004B3C60 /* Sources */ = {
			isa = PBXSourcesBuildPhase;
			buildActionMask = 2147483647;
			files = (
				4F0E1A051F7EC2EA004B3C60 /* ViewController.swift in Sources */,
				4F0E1A031F7EC2EA004B3C60 /* AppDelegate.swift in Sources */,
			);
			runOnlyForDeploymentPostprocessing = 0;
		};
/* End PBXSourcesBuildPhase section */

/* Begin PBXVariantGroup section */
		4F0E1A061F7EC2EA004B3C60 /* Main.storyboard */ = {
			isa = PBXVariantGroup;
			children = (
				4F0E1A071F7EC2EA004B3C60 /* Base */,
			);
			name = Main.storyboard;
			sourceTree = "<group>";
		};
		4F0E1A0B1F7EC2EA004B3C60 /* LaunchScreen.storyboard */ = {
			isa = PBXVariantGroup;
			children = (
				4F0E1A0C1F7EC2EA004B3C60 /* Base */,
			);
			name = LaunchScreen.storyboard;
			sourceTree = "<group>";
		};
/* End PBXVariantGroup section */

/* Begin XCBuildConfiguration section */
		4F0E1A0F1F7EC2EA004B3C60 /* Debug */ = {
			isa = XCBuildConfiguration;
			buildSettings = {
				ALWAYS_SEARCH_USER_PATHS = NO;
				CLANG_ANALYZER_NONNULL = YES;
				CLANG_ANALYZER_NUMBER_OBJECT_CONVERSION = YES_AGGRESSIVE;
				CLANG_CXX_LANGUAGE_STANDARD = "gnu++14";
				CLANG_CXX_LIBRARY = "libc++";
				CLANG_ENABLE_MODULES = YES;
				CLANG_ENABLE_OBJC_ARC = YES;
				CLANG_WARN_BLOCK_CAPTURE_AUTORELEASING = YES;
				CLANG_WARN_BOOL_CONVERSION = YES;
				CLANG_WARN_COMMA = YES;
				CLANG_WARN_CONSTANT_CONVERSION = YES;
				CLANG_WARN_DIRECT_OBJC_ISA_USAGE = YES_ERROR;
				CLANG_WARN_DOCUMENTATION_COMMENTS = YES;
				CLANG_WARN_EMPTY_BODY = YES;
				CLANG_WARN_ENUM_CONVERSION = YES;
				CLANG_WARN_INFINITE_RECURSION = YES;
				CLANG_WARN_INT_CONVERSION = YES;
				CLANG_WARN_NON_LITERAL_NULL_CONVERSION = YES;
				CLANG_WARN_OBJC_LITERAL_CONVERSION = YES;
				CLANG_WARN_OBJC_ROOT_CLASS = YES_ERROR;
				CLANG_WARN_RANGE_LOOP_ANALYSIS = YES;
				CLANG_WARN_STRICT_PROTOTYPES = YES;
				CLANG_WARN_SUSPICIOUS_MOVE = YES;
				CLANG_WARN_UNGUARDED_AVAILABILITY = YES_AGGRESSIVE;
				CLANG_WARN_UNREACHABLE_CODE = YES;
				CLANG_WARN__DUPLICATE_METHOD_MATCH = YES;
				CODE_SIGN_IDENTITY = "iPhone Developer";
				COPY_PHASE_STRIP = NO;
				DEBUG_INFORMATION_FORMAT = dwarf;
				ENABLE_STRICT_OBJC_MSGSEND = YES;
				ENABLE_TESTABILITY = YES;
				GCC_C_LANGUAGE_STANDARD = gnu11;
				GCC_DYNAMIC_NO_PIC = NO;
				GCC_NO_COMMON_BLOCKS = YES;
				GCC_OPTIMIZATION_LEVEL = 0;
				GCC_PREPROCESSOR_DEFINITIONS = (
					"DEBUG=1",
					"$(inherited)",
				);
				GCC_WARN_64_TO_32_BIT_CONVERSION = YES;
				GCC_WARN_ABOUT_RETURN_TYPE = YES_ERROR;
				GCC_WARN_UNDECLARED_SELECTOR = YES;
				GCC_WARN_UNINITIALIZED_AUTOS = YES_AGGRESSIVE;
				GCC_WARN_UNUSED_FUNCTION = YES;
				GCC_WARN_UNUSED_VARIABLE = YES;
				IPHONEOS_DEPLOYMENT_TARGET = 11.0;
				MTL_ENABLE_DEBUG_INFO = YES;
				ONLY_ACTIVE_ARCH = YES;
				SDKROOT = iphoneos;
				SWIFT_ACTIVE_COMPILATION_CONDITIONS = DEBUG;
				SWIFT_OPTIMIZATION_LEVEL = "-Onone";
			};
			name = Debug;
		};
		4F0E1A101F7EC2EA004B3C60 /* Release */ = {
			isa = XCBuildConfiguration;
			buildSettings = {
				ALWAYS_SEARCH_USER_PATHS = NO;
				CLANG_ANALYZER_NONNULL = YES;
				CLANG_ANALYZER_NUMBER_OBJECT_CONVERSION = YES_AGGRESSIVE;
				CLANG_CXX_LANGUAGE_STANDARD = "gnu++14";
				CLANG_CXX_LIBRARY = "libc++";
				CLANG_ENABLE_MODULES = YES;
				CLANG_ENABLE_OBJC_ARC = YES;
				CLANG_WARN_BLOCK_CAPTURE_AUTORELEASING = YES;
				CLANG_WARN_BOOL_CONVERSION = YES;
				CLANG_WARN_COMMA = YES;
				CLANG_WARN_CONSTANT_CONVERSION = YES;
				CLANG_WARN_DIRECT_OBJC_ISA_USAGE = YES_ERROR;
				CLANG_WARN_DOCUMENTATION_COMMENTS = YES;
				CLANG_WARN_EMPTY_BODY = YES;
				CLANG_WARN_ENUM_CONVERSION = YES;
				CLANG_WARN_INFINITE_RECURSION = YES;
				CLANG_WARN_INT_CONVERSION = YES;
				CLANG_WARN_NON_LITERAL_NULL_CONVERSION = YES;
				CLANG_WARN_OBJC_LITERAL_CONVERSION = YES;
				CLANG_WARN_OBJC_ROOT_CLASS = YES_ERROR;
				CLANG_WARN_RANGE_LOOP_ANALYSIS = YES;
				CLANG_WARN_STRICT_PROTOTYPES = YES;
				CLANG_WARN_SUSPICIOUS_MOVE = YES;
				CLANG_WARN_UNGUARDED_AVAILABILITY = YES_AGGRESSIVE;
				CLANG_WARN_UNREACHABLE_CODE = YES;
				CLANG_WARN__DUPLICATE_METHOD_MATCH = YES;
				CODE_SIGN_IDENTITY = "iPhone Developer";
				COPY_PHASE_STRIP = NO;
				DEBUG_INFORMATION_FORMAT = "dwarf-with-dsym";
				ENABLE_NS_ASSERTIONS = NO;
				ENABLE_STRICT_OBJC_MSGSEND = YES;
				GCC_C_LANGUAGE_STANDARD = gnu11;
				GCC_NO_COMMON_BLOCKS = YES;
				GCC_WARN_64_TO_32_BIT_CONVERSION = YES;
				GCC_WARN_ABOUT_RETURN_TYPE = YES_ERROR;
				GCC_WARN_UNDECLARED_SELECTOR = YES;
				GCC_WARN_UNINITIALIZED_AUTOS = YES_AGGRESSIVE;
				GCC_WARN_UNUSED_FUNCTION = YES;
				GCC_WARN_UNUSED_VARIABLE = YES;
				IPHONEOS_DEPLOYMENT_TARGET = 11.0;
				MTL_ENABLE_DEBUG_INFO = NO;
				SDKROOT = iphoneos;
				SWIFT_OPTIMIZATION_LEVEL = "-Owholemodule";
				VALIDATE_PRODUCT = YES;
			};
			name = Release;
		};
		4F0E1A121F7EC2EA004B3C60 /* Debug */ = {
			isa = XCBuildConfiguration;
			buildSettings = {
				ASSETCATALOG_COMPILER_APPICON_NAME = AppIcon;
				CODE_SIGN_STYLE = Automatic;
				INFOPLIST_FILE = MoRegex/Info.plist;
				LD_RUNPATH_SEARCH_PATHS = "$(inherited) @executable_path/Frameworks";
				PRODUCT_BUNDLE_IDENTIFIER = hello.kitty.MoRegex;
				PRODUCT_NAME = "$(TARGET_NAME)";
				SWIFT_VERSION = 4.0;
				TARGETED_DEVICE_FAMILY = "1,2";
			};
			name = Debug;
		};
		4F0E1A131F7EC2EA004B3C60 /* Release */ = {
			isa = XCBuildConfiguration;
			buildSettings = {
				ASSETCATALOG_COMPILER_APPICON_NAME = AppIcon;
				CODE_SIGN_STYLE = Automatic;
				INFOPLIST_FILE = MoRegex/Info.plist;
				LD_RUNPATH_SEARCH_PATHS = "$(inherited) @executable_path/Frameworks";
				PRODUCT_BUNDLE_IDENTIFIER = hello.kitty.MoRegex;
				PRODUCT_NAME = "$(TARGET_NAME)";
				SWIFT_VERSION = 4.0;
				TARGETED_DEVICE_FAMILY = "1,2";
			};
			name = Release;
		};
/* End XCBuildConfiguration section */

/* Begin XCConfigurationList section */
		4F0E19FA1F7EC2EA004B3C60 /* Build configuration list for PBXProject "MoRegex" */ = {
			isa = XCConfigurationList;
			buildConfigurations = (
				4F0E1A0F1F7EC2EA004B3C60 /* Debug */,
				4F0E1A101F7EC2EA004B3C60 /* Release */,
			);
			defaultConfigurationIsVisible = 0;
			defaultConfigurationName = Release;
		};
		4F0E1A111F7EC2EA004B3C60 /* Build configuration list for PBXNativeTarget "MoRegex" */ = {
			isa = XCConfigurationList;
			buildConfigurations = (
				4F0E1A121F7EC2EA004B3C60 /* Debug */,
				4F0E1A131F7EC2EA004B3C60 /* Release */,
			);
			defaultConfigurationIsVisible = 0;
			defaultConfigurationName = Release;
		};
/* End XCConfigurationList section */
	};
	rootObject = 4F0E19F71F7EC2EA004B3C60 /* Project object */;
}
